// !$*UTF8*$!
{
	archiveVersion = 1;
	classes = {
	};
	objectVersion = 56;
	objects = {

/* Begin PBXBuildFile section */
		2E0B58BF2BC046CC00049F34 /* Tests_CIApp.swift in Sources */ = {isa = PBXBuildFile; fileRef = 2E0B58BE2BC046CC00049F34 /* Tests_CIApp.swift */; };
		2E0B58C12BC046CC00049F34 /* ContentView.swift in Sources */ = {isa = PBXBuildFile; fileRef = 2E0B58C02BC046CC00049F34 /* ContentView.swift */; };
		2E0B58C32BC046CC00049F34 /* Item.swift in Sources */ = {isa = PBXBuildFile; fileRef = 2E0B58C22BC046CC00049F34 /* Item.swift */; };
		2E0B58C52BC046CE00049F34 /* Assets.xcassets in Resources */ = {isa = PBXBuildFile; fileRef = 2E0B58C42BC046CE00049F34 /* Assets.xcassets */; };
		2E0B58C92BC046CE00049F34 /* Preview Assets.xcassets in Resources */ = {isa = PBXBuildFile; fileRef = 2E0B58C82BC046CE00049F34 /* Preview Assets.xcassets */; };
		2E0B58D32BC046CE00049F34 /* ContentView.ViewModel.Tests.swift in Sources */ = {isa = PBXBuildFile; fileRef = 2E0B58D22BC046CE00049F34 /* ContentView.ViewModel.Tests.swift */; };
		2E0B58EC2BC0483C00049F34 /* ContentViewModel.swift in Sources */ = {isa = PBXBuildFile; fileRef = 2E0B58EB2BC0483C00049F34 /* ContentViewModel.swift */; };
		2E0B58EF2BC053A900049F34 /* Tests.Helpers.swift in Sources */ = {isa = PBXBuildFile; fileRef = 2E0B58EE2BC053A900049F34 /* Tests.Helpers.swift */; };
/* End PBXBuildFile section */

/* Begin PBXContainerItemProxy section */
		2E0B58CF2BC046CE00049F34 /* PBXContainerItemProxy */ = {
			isa = PBXContainerItemProxy;
			containerPortal = 2E0B58B32BC046CC00049F34 /* Project object */;
			proxyType = 1;
			remoteGlobalIDString = 2E0B58BA2BC046CC00049F34;
			remoteInfo = "Tests-CI";
		};
/* End PBXContainerItemProxy section */

/* Begin PBXFileReference section */
		2E0B58BB2BC046CC00049F34 /* Tests-CI.app */ = {isa = PBXFileReference; explicitFileType = wrapper.application; includeInIndex = 0; path = "Tests-CI.app"; sourceTree = BUILT_PRODUCTS_DIR; };
		2E0B58BE2BC046CC00049F34 /* Tests_CIApp.swift */ = {isa = PBXFileReference; lastKnownFileType = sourcecode.swift; path = Tests_CIApp.swift; sourceTree = "<group>"; };
		2E0B58C02BC046CC00049F34 /* ContentView.swift */ = {isa = PBXFileReference; lastKnownFileType = sourcecode.swift; path = ContentView.swift; sourceTree = "<group>"; };
		2E0B58C22BC046CC00049F34 /* Item.swift */ = {isa = PBXFileReference; lastKnownFileType = sourcecode.swift; path = Item.swift; sourceTree = "<group>"; };
		2E0B58C42BC046CE00049F34 /* Assets.xcassets */ = {isa = PBXFileReference; lastKnownFileType = folder.assetcatalog; path = Assets.xcassets; sourceTree = "<group>"; };
		2E0B58C62BC046CE00049F34 /* Tests_CI.entitlements */ = {isa = PBXFileReference; lastKnownFileType = text.plist.entitlements; path = Tests_CI.entitlements; sourceTree = "<group>"; };
		2E0B58C82BC046CE00049F34 /* Preview Assets.xcassets */ = {isa = PBXFileReference; lastKnownFileType = folder.assetcatalog; path = "Preview Assets.xcassets"; sourceTree = "<group>"; };
		2E0B58CE2BC046CE00049F34 /* Tests-CITests.xctest */ = {isa = PBXFileReference; explicitFileType = wrapper.cfbundle; includeInIndex = 0; path = "Tests-CITests.xctest"; sourceTree = BUILT_PRODUCTS_DIR; };
		2E0B58D22BC046CE00049F34 /* ContentView.ViewModel.Tests.swift */ = {isa = PBXFileReference; lastKnownFileType = sourcecode.swift; path = ContentView.ViewModel.Tests.swift; sourceTree = "<group>"; };
		2E0B58EB2BC0483C00049F34 /* ContentViewModel.swift */ = {isa = PBXFileReference; lastKnownFileType = sourcecode.swift; path = ContentViewModel.swift; sourceTree = "<group>"; };
		2E0B58EE2BC053A900049F34 /* Tests.Helpers.swift */ = {isa = PBXFileReference; lastKnownFileType = sourcecode.swift; path = Tests.Helpers.swift; sourceTree = "<group>"; };
/* End PBXFileReference section */

/* Begin PBXFrameworksBuildPhase section */
		2E0B58B82BC046CC00049F34 /* Frameworks */ = {
			isa = PBXFrameworksBuildPhase;
			buildActionMask = 2147483647;
			files = (
			);
			runOnlyForDeploymentPostprocessing = 0;
		};
		2E0B58CB2BC046CE00049F34 /* Frameworks */ = {
			isa = PBXFrameworksBuildPhase;
			buildActionMask = 2147483647;
			files = (
			);
			runOnlyForDeploymentPostprocessing = 0;
		};
/* End PBXFrameworksBuildPhase section */

/* Begin PBXGroup section */
		2E0B58B22BC046CC00049F34 = {
			isa = PBXGroup;
			children = (
				2E0B58BD2BC046CC00049F34 /* Tests-CI */,
				2E0B58D12BC046CE00049F34 /* Tests-CITests */,
				2E0B58BC2BC046CC00049F34 /* Products */,
			);
			sourceTree = "<group>";
		};
		2E0B58BC2BC046CC00049F34 /* Products */ = {
			isa = PBXGroup;
			children = (
				2E0B58BB2BC046CC00049F34 /* Tests-CI.app */,
				2E0B58CE2BC046CE00049F34 /* Tests-CITests.xctest */,
			);
			name = Products;
			sourceTree = "<group>";
		};
		2E0B58BD2BC046CC00049F34 /* Tests-CI */ = {
			isa = PBXGroup;
			children = (
				2E0B58BE2BC046CC00049F34 /* Tests_CIApp.swift */,
				2E0B58ED2BC0484400049F34 /* Content */,
				2E0B58C42BC046CE00049F34 /* Assets.xcassets */,
				2E0B58C62BC046CE00049F34 /* Tests_CI.entitlements */,
				2E0B58C72BC046CE00049F34 /* Preview Content */,
			);
			path = "Tests-CI";
			sourceTree = "<group>";
		};
		2E0B58C72BC046CE00049F34 /* Preview Content */ = {
			isa = PBXGroup;
			children = (
				2E0B58C82BC046CE00049F34 /* Preview Assets.xcassets */,
			);
			path = "Preview Content";
			sourceTree = "<group>";
		};
		2E0B58D12BC046CE00049F34 /* Tests-CITests */ = {
			isa = PBXGroup;
			children = (
				2E0B58D22BC046CE00049F34 /* ContentView.ViewModel.Tests.swift */,
				2E0B58EE2BC053A900049F34 /* Tests.Helpers.swift */,
			);
			path = "Tests-CITests";
			sourceTree = "<group>";
		};
		2E0B58ED2BC0484400049F34 /* Content */ = {
			isa = PBXGroup;
			children = (
				2E0B58C02BC046CC00049F34 /* ContentView.swift */,
				2E0B58EB2BC0483C00049F34 /* ContentViewModel.swift */,
				2E0B58C22BC046CC00049F34 /* Item.swift */,
			);
			path = Content;
			sourceTree = "<group>";
		};
/* End PBXGroup section */

/* Begin PBXNativeTarget section */
		2E0B58BA2BC046CC00049F34 /* Tests-CI */ = {
			isa = PBXNativeTarget;
			buildConfigurationList = 2E0B58E22BC046CF00049F34 /* Build configuration list for PBXNativeTarget "Tests-CI" */;
			buildPhases = (
				2E0B58B72BC046CC00049F34 /* Sources */,
				2E0B58B82BC046CC00049F34 /* Frameworks */,
				2E0B58B92BC046CC00049F34 /* Resources */,
			);
			buildRules = (
			);
			dependencies = (
			);
			name = "Tests-CI";
			productName = "Tests-CI";
			productReference = 2E0B58BB2BC046CC00049F34 /* Tests-CI.app */;
			productType = "com.apple.product-type.application";
		};
		2E0B58CD2BC046CE00049F34 /* Tests-CITests */ = {
			isa = PBXNativeTarget;
			buildConfigurationList = 2E0B58E52BC046CF00049F34 /* Build configuration list for PBXNativeTarget "Tests-CITests" */;
			buildPhases = (
				2E0B58CA2BC046CE00049F34 /* Sources */,
				2E0B58CB2BC046CE00049F34 /* Frameworks */,
				2E0B58CC2BC046CE00049F34 /* Resources */,
			);
			buildRules = (
			);
			dependencies = (
				2E0B58D02BC046CE00049F34 /* PBXTargetDependency */,
			);
			name = "Tests-CITests";
			productName = "Tests-CITests";
			productReference = 2E0B58CE2BC046CE00049F34 /* Tests-CITests.xctest */;
			productType = "com.apple.product-type.bundle.unit-test";
		};
/* End PBXNativeTarget section */

/* Begin PBXProject section */
		2E0B58B32BC046CC00049F34 /* Project object */ = {
			isa = PBXProject;
			attributes = {
				BuildIndependentTargetsInParallel = 1;
				LastSwiftUpdateCheck = 1530;
				LastUpgradeCheck = 1530;
				TargetAttributes = {
					2E0B58BA2BC046CC00049F34 = {
						CreatedOnToolsVersion = 15.3;
					};
					2E0B58CD2BC046CE00049F34 = {
						CreatedOnToolsVersion = 15.3;
						TestTargetID = 2E0B58BA2BC046CC00049F34;
					};
				};
			};
			buildConfigurationList = 2E0B58B62BC046CC00049F34 /* Build configuration list for PBXProject "Tests-CI" */;
			compatibilityVersion = "Xcode 14.0";
			developmentRegion = en;
			hasScannedForEncodings = 0;
			knownRegions = (
				en,
				Base,
			);
			mainGroup = 2E0B58B22BC046CC00049F34;
			productRefGroup = 2E0B58BC2BC046CC00049F34 /* Products */;
			projectDirPath = "";
			projectRoot = "";
			targets = (
				2E0B58BA2BC046CC00049F34 /* Tests-CI */,
				2E0B58CD2BC046CE00049F34 /* Tests-CITests */,
			);
		};
/* End PBXProject section */

/* Begin PBXResourcesBuildPhase section */
		2E0B58B92BC046CC00049F34 /* Resources */ = {
			isa = PBXResourcesBuildPhase;
			buildActionMask = 2147483647;
			files = (
				2E0B58C92BC046CE00049F34 /* Preview Assets.xcassets in Resources */,
				2E0B58C52BC046CE00049F34 /* Assets.xcassets in Resources */,
			);
			runOnlyForDeploymentPostprocessing = 0;
		};
		2E0B58CC2BC046CE00049F34 /* Resources */ = {
			isa = PBXResourcesBuildPhase;
			buildActionMask = 2147483647;
			files = (
			);
			runOnlyForDeploymentPostprocessing = 0;
		};
/* End PBXResourcesBuildPhase section */

/* Begin PBXSourcesBuildPhase section */
		2E0B58B72BC046CC00049F34 /* Sources */ = {
			isa = PBXSourcesBuildPhase;
			buildActionMask = 2147483647;
			files = (
				2E0B58EC2BC0483C00049F34 /* ContentViewModel.swift in Sources */,
				2E0B58C12BC046CC00049F34 /* ContentView.swift in Sources */,
				2E0B58C32BC046CC00049F34 /* Item.swift in Sources */,
				2E0B58BF2BC046CC00049F34 /* Tests_CIApp.swift in Sources */,
			);
			runOnlyForDeploymentPostprocessing = 0;
		};
		2E0B58CA2BC046CE00049F34 /* Sources */ = {
			isa = PBXSourcesBuildPhase;
			buildActionMask = 2147483647;
			files = (
				2E0B58EF2BC053A900049F34 /* Tests.Helpers.swift in Sources */,
				2E0B58D32BC046CE00049F34 /* ContentView.ViewModel.Tests.swift in Sources */,
			);
			runOnlyForDeploymentPostprocessing = 0;
		};
/* End PBXSourcesBuildPhase section */

/* Begin PBXTargetDependency section */
		2E0B58D02BC046CE00049F34 /* PBXTargetDependency */ = {
			isa = PBXTargetDependency;
			target = 2E0B58BA2BC046CC00049F34 /* Tests-CI */;
			targetProxy = 2E0B58CF2BC046CE00049F34 /* PBXContainerItemProxy */;
		};
/* End PBXTargetDependency section */

/* Begin XCBuildConfiguration section */
		2E0B58E02BC046CF00049F34 /* Debug */ = {
			isa = XCBuildConfiguration;
			buildSettings = {
				ALWAYS_SEARCH_USER_PATHS = NO;
				ASSETCATALOG_COMPILER_GENERATE_SWIFT_ASSET_SYMBOL_EXTENSIONS = YES;
				CLANG_ANALYZER_NONNULL = YES;
				CLANG_ANALYZER_NUMBER_OBJECT_CONVERSION = YES_AGGRESSIVE;
				CLANG_CXX_LANGUAGE_STANDARD = "gnu++20";
				CLANG_ENABLE_MODULES = YES;
				CLANG_ENABLE_OBJC_ARC = YES;
				CLANG_ENABLE_OBJC_WEAK = YES;
				CLANG_WARN_BLOCK_CAPTURE_AUTORELEASING = YES;
				CLANG_WARN_BOOL_CONVERSION = YES;
				CLANG_WARN_COMMA = YES;
				CLANG_WARN_CONSTANT_CONVERSION = YES;
				CLANG_WARN_DEPRECATED_OBJC_IMPLEMENTATIONS = YES;
				CLANG_WARN_DIRECT_OBJC_ISA_USAGE = YES_ERROR;
				CLANG_WARN_DOCUMENTATION_COMMENTS = YES;
				CLANG_WARN_EMPTY_BODY = YES;
				CLANG_WARN_ENUM_CONVERSION = YES;
				CLANG_WARN_INFINITE_RECURSION = YES;
				CLANG_WARN_INT_CONVERSION = YES;
				CLANG_WARN_NON_LITERAL_NULL_CONVERSION = YES;
				CLANG_WARN_OBJC_IMPLICIT_RETAIN_SELF = YES;
				CLANG_WARN_OBJC_LITERAL_CONVERSION = YES;
				CLANG_WARN_OBJC_ROOT_CLASS = YES_ERROR;
				CLANG_WARN_QUOTED_INCLUDE_IN_FRAMEWORK_HEADER = YES;
				CLANG_WARN_RANGE_LOOP_ANALYSIS = YES;
				CLANG_WARN_STRICT_PROTOTYPES = YES;
				CLANG_WARN_SUSPICIOUS_MOVE = YES;
				CLANG_WARN_UNGUARDED_AVAILABILITY = YES_AGGRESSIVE;
				CLANG_WARN_UNREACHABLE_CODE = YES;
				CLANG_WARN__DUPLICATE_METHOD_MATCH = YES;
				COPY_PHASE_STRIP = NO;
				DEBUG_INFORMATION_FORMAT = dwarf;
				ENABLE_STRICT_OBJC_MSGSEND = YES;
				ENABLE_TESTABILITY = YES;
				ENABLE_USER_SCRIPT_SANDBOXING = YES;
				GCC_C_LANGUAGE_STANDARD = gnu17;
				GCC_DYNAMIC_NO_PIC = NO;
				GCC_NO_COMMON_BLOCKS = YES;
				GCC_OPTIMIZATION_LEVEL = 0;
				GCC_PREPROCESSOR_DEFINITIONS = (
					"DEBUG=1",
					"$(inherited)",
				);
				GCC_WARN_64_TO_32_BIT_CONVERSION = YES;
				GCC_WARN_ABOUT_RETURN_TYPE = YES_ERROR;
				GCC_WARN_UNDECLARED_SELECTOR = YES;
				GCC_WARN_UNINITIALIZED_AUTOS = YES_AGGRESSIVE;
				GCC_WARN_UNUSED_FUNCTION = YES;
				GCC_WARN_UNUSED_VARIABLE = YES;
				LOCALIZATION_PREFERS_STRING_CATALOGS = YES;
				MTL_ENABLE_DEBUG_INFO = INCLUDE_SOURCE;
				MTL_FAST_MATH = YES;
				ONLY_ACTIVE_ARCH = YES;
				SWIFT_ACTIVE_COMPILATION_CONDITIONS = "DEBUG $(inherited)";
				SWIFT_OPTIMIZATION_LEVEL = "-Onone";
			};
			name = Debug;
		};
		2E0B58E12BC046CF00049F34 /* Release */ = {
			isa = XCBuildConfiguration;
			buildSettings = {
				ALWAYS_SEARCH_USER_PATHS = NO;
				ASSETCATALOG_COMPILER_GENERATE_SWIFT_ASSET_SYMBOL_EXTENSIONS = YES;
				CLANG_ANALYZER_NONNULL = YES;
				CLANG_ANALYZER_NUMBER_OBJECT_CONVERSION = YES_AGGRESSIVE;
				CLANG_CXX_LANGUAGE_STANDARD = "gnu++20";
				CLANG_ENABLE_MODULES = YES;
				CLANG_ENABLE_OBJC_ARC = YES;
				CLANG_ENABLE_OBJC_WEAK = YES;
				CLANG_WARN_BLOCK_CAPTURE_AUTORELEASING = YES;
				CLANG_WARN_BOOL_CONVERSION = YES;
				CLANG_WARN_COMMA = YES;
				CLANG_WARN_CONSTANT_CONVERSION = YES;
				CLANG_WARN_DEPRECATED_OBJC_IMPLEMENTATIONS = YES;
				CLANG_WARN_DIRECT_OBJC_ISA_USAGE = YES_ERROR;
				CLANG_WARN_DOCUMENTATION_COMMENTS = YES;
				CLANG_WARN_EMPTY_BODY = YES;
				CLANG_WARN_ENUM_CONVERSION = YES;
				CLANG_WARN_INFINITE_RECURSION = YES;
				CLANG_WARN_INT_CONVERSION = YES;
				CLANG_WARN_NON_LITERAL_NULL_CONVERSION = YES;
				CLANG_WARN_OBJC_IMPLICIT_RETAIN_SELF = YES;
				CLANG_WARN_OBJC_LITERAL_CONVERSION = YES;
				CLANG_WARN_OBJC_ROOT_CLASS = YES_ERROR;
				CLANG_WARN_QUOTED_INCLUDE_IN_FRAMEWORK_HEADER = YES;
				CLANG_WARN_RANGE_LOOP_ANALYSIS = YES;
				CLANG_WARN_STRICT_PROTOTYPES = YES;
				CLANG_WARN_SUSPICIOUS_MOVE = YES;
				CLANG_WARN_UNGUARDED_AVAILABILITY = YES_AGGRESSIVE;
				CLANG_WARN_UNREACHABLE_CODE = YES;
				CLANG_WARN__DUPLICATE_METHOD_MATCH = YES;
				COPY_PHASE_STRIP = NO;
				DEBUG_INFORMATION_FORMAT = "dwarf-with-dsym";
				ENABLE_NS_ASSERTIONS = NO;
				ENABLE_STRICT_OBJC_MSGSEND = YES;
				ENABLE_USER_SCRIPT_SANDBOXING = YES;
				GCC_C_LANGUAGE_STANDARD = gnu17;
				GCC_NO_COMMON_BLOCKS = YES;
				GCC_WARN_64_TO_32_BIT_CONVERSION = YES;
				GCC_WARN_ABOUT_RETURN_TYPE = YES_ERROR;
				GCC_WARN_UNDECLARED_SELECTOR = YES;
				GCC_WARN_UNINITIALIZED_AUTOS = YES_AGGRESSIVE;
				GCC_WARN_UNUSED_FUNCTION = YES;
				GCC_WARN_UNUSED_VARIABLE = YES;
				LOCALIZATION_PREFERS_STRING_CATALOGS = YES;
				MTL_ENABLE_DEBUG_INFO = NO;
				MTL_FAST_MATH = YES;
				SWIFT_COMPILATION_MODE = wholemodule;
			};
			name = Release;
		};
		2E0B58E32BC046CF00049F34 /* Debug */ = {
			isa = XCBuildConfiguration;
			buildSettings = {
				ASSETCATALOG_COMPILER_APPICON_NAME = AppIcon;
				ASSETCATALOG_COMPILER_GLOBAL_ACCENT_COLOR_NAME = AccentColor;
				CODE_SIGN_ENTITLEMENTS = "Tests-CI/Tests_CI.entitlements";
				CODE_SIGN_STYLE = Automatic;
				CURRENT_PROJECT_VERSION = 1;
				DEVELOPMENT_ASSET_PATHS = "\"Tests-CI/Preview Content\"";
				ENABLE_PREVIEWS = YES;
				GENERATE_INFOPLIST_FILE = YES;
				"INFOPLIST_KEY_UIApplicationSceneManifest_Generation[sdk=iphoneos*]" = YES;
				"INFOPLIST_KEY_UIApplicationSceneManifest_Generation[sdk=iphonesimulator*]" = YES;
				"INFOPLIST_KEY_UIApplicationSupportsIndirectInputEvents[sdk=iphoneos*]" = YES;
				"INFOPLIST_KEY_UIApplicationSupportsIndirectInputEvents[sdk=iphonesimulator*]" = YES;
				"INFOPLIST_KEY_UILaunchScreen_Generation[sdk=iphoneos*]" = YES;
				"INFOPLIST_KEY_UILaunchScreen_Generation[sdk=iphonesimulator*]" = YES;
				"INFOPLIST_KEY_UIStatusBarStyle[sdk=iphoneos*]" = UIStatusBarStyleDefault;
				"INFOPLIST_KEY_UIStatusBarStyle[sdk=iphonesimulator*]" = UIStatusBarStyleDefault;
				INFOPLIST_KEY_UISupportedInterfaceOrientations_iPad = "UIInterfaceOrientationPortrait UIInterfaceOrientationPortraitUpsideDown UIInterfaceOrientationLandscapeLeft UIInterfaceOrientationLandscapeRight";
				INFOPLIST_KEY_UISupportedInterfaceOrientations_iPhone = "UIInterfaceOrientationPortrait UIInterfaceOrientationLandscapeLeft UIInterfaceOrientationLandscapeRight";
				IPHONEOS_DEPLOYMENT_TARGET = 17.4;
				LD_RUNPATH_SEARCH_PATHS = "@executable_path/Frameworks";
				"LD_RUNPATH_SEARCH_PATHS[sdk=macosx*]" = "@executable_path/../Frameworks";
				MACOSX_DEPLOYMENT_TARGET = 14.0;
				MARKETING_VERSION = 1.0;
				PRODUCT_BUNDLE_IDENTIFIER = "com.maatheusgois.Tests-CI";
				PRODUCT_NAME = "$(TARGET_NAME)";
				SDKROOT = auto;
				SUPPORTED_PLATFORMS = "iphoneos iphonesimulator macosx";
				SWIFT_EMIT_LOC_STRINGS = YES;
				SWIFT_VERSION = 5.0;
				TARGETED_DEVICE_FAMILY = "1,2";
			};
			name = Debug;
		};
		2E0B58E42BC046CF00049F34 /* Release */ = {
			isa = XCBuildConfiguration;
			buildSettings = {
				ASSETCATALOG_COMPILER_APPICON_NAME = AppIcon;
				ASSETCATALOG_COMPILER_GLOBAL_ACCENT_COLOR_NAME = AccentColor;
				CODE_SIGN_ENTITLEMENTS = "Tests-CI/Tests_CI.entitlements";
				CODE_SIGN_STYLE = Automatic;
				CURRENT_PROJECT_VERSION = 1;
				DEVELOPMENT_ASSET_PATHS = "\"Tests-CI/Preview Content\"";
				ENABLE_PREVIEWS = YES;
				GENERATE_INFOPLIST_FILE = YES;
				"INFOPLIST_KEY_UIApplicationSceneManifest_Generation[sdk=iphoneos*]" = YES;
				"INFOPLIST_KEY_UIApplicationSceneManifest_Generation[sdk=iphonesimulator*]" = YES;
				"INFOPLIST_KEY_UIApplicationSupportsIndirectInputEvents[sdk=iphoneos*]" = YES;
				"INFOPLIST_KEY_UIApplicationSupportsIndirectInputEvents[sdk=iphonesimulator*]" = YES;
				"INFOPLIST_KEY_UILaunchScreen_Generation[sdk=iphoneos*]" = YES;
				"INFOPLIST_KEY_UILaunchScreen_Generation[sdk=iphonesimulator*]" = YES;
				"INFOPLIST_KEY_UIStatusBarStyle[sdk=iphoneos*]" = UIStatusBarStyleDefault;
				"INFOPLIST_KEY_UIStatusBarStyle[sdk=iphonesimulator*]" = UIStatusBarStyleDefault;
				INFOPLIST_KEY_UISupportedInterfaceOrientations_iPad = "UIInterfaceOrientationPortrait UIInterfaceOrientationPortraitUpsideDown UIInterfaceOrientationLandscapeLeft UIInterfaceOrientationLandscapeRight";
				INFOPLIST_KEY_UISupportedInterfaceOrientations_iPhone = "UIInterfaceOrientationPortrait UIInterfaceOrientationLandscapeLeft UIInterfaceOrientationLandscapeRight";
				IPHONEOS_DEPLOYMENT_TARGET = 17.4;
				LD_RUNPATH_SEARCH_PATHS = "@executable_path/Frameworks";
				"LD_RUNPATH_SEARCH_PATHS[sdk=macosx*]" = "@executable_path/../Frameworks";
				MACOSX_DEPLOYMENT_TARGET = 14.0;
				MARKETING_VERSION = 1.0;
				PRODUCT_BUNDLE_IDENTIFIER = "com.maatheusgois.Tests-CI";
				PRODUCT_NAME = "$(TARGET_NAME)";
				SDKROOT = auto;
				SUPPORTED_PLATFORMS = "iphoneos iphonesimulator macosx";
				SWIFT_EMIT_LOC_STRINGS = YES;
				SWIFT_VERSION = 5.0;
				TARGETED_DEVICE_FAMILY = "1,2";
			};
			name = Release;
		};
		2E0B58E62BC046CF00049F34 /* Debug */ = {
			isa = XCBuildConfiguration;
			buildSettings = {
				ALWAYS_EMBED_SWIFT_STANDARD_LIBRARIES = YES;
				BUNDLE_LOADER = "$(TEST_HOST)";
				CODE_SIGN_STYLE = Automatic;
				CURRENT_PROJECT_VERSION = 1;
				GENERATE_INFOPLIST_FILE = YES;
				IPHONEOS_DEPLOYMENT_TARGET = 17.4;
				MACOSX_DEPLOYMENT_TARGET = 14.0;
				MARKETING_VERSION = 1.0;
				PRODUCT_BUNDLE_IDENTIFIER = "com.maatheusgois.Tests-CITests";
				PRODUCT_NAME = "$(TARGET_NAME)";
				SDKROOT = auto;
				SUPPORTED_PLATFORMS = "iphoneos iphonesimulator macosx";
				SWIFT_EMIT_LOC_STRINGS = NO;
				SWIFT_VERSION = 5.0;
				TARGETED_DEVICE_FAMILY = "1,2";
				TEST_HOST = "$(BUILT_PRODUCTS_DIR)/Tests-CI.app/$(BUNDLE_EXECUTABLE_FOLDER_PATH)/Tests-CI";
			};
			name = Debug;
		};
		2E0B58E72BC046CF00049F34 /* Release */ = {
			isa = XCBuildConfiguration;
			buildSettings = {
				ALWAYS_EMBED_SWIFT_STANDARD_LIBRARIES = YES;
				BUNDLE_LOADER = "$(TEST_HOST)";
				CODE_SIGN_STYLE = Automatic;
				CURRENT_PROJECT_VERSION = 1;
				GENERATE_INFOPLIST_FILE = YES;
				IPHONEOS_DEPLOYMENT_TARGET = 17.4;
				MACOSX_DEPLOYMENT_TARGET = 14.0;
				MARKETING_VERSION = 1.0;
				PRODUCT_BUNDLE_IDENTIFIER = "com.maatheusgois.Tests-CITests";
				PRODUCT_NAME = "$(TARGET_NAME)";
				SDKROOT = auto;
				SUPPORTED_PLATFORMS = "iphoneos iphonesimulator macosx";
				SWIFT_EMIT_LOC_STRINGS = NO;
				SWIFT_VERSION = 5.0;
				TARGETED_DEVICE_FAMILY = "1,2";
				TEST_HOST = "$(BUILT_PRODUCTS_DIR)/Tests-CI.app/$(BUNDLE_EXECUTABLE_FOLDER_PATH)/Tests-CI";
			};
			name = Release;
		};
/* End XCBuildConfiguration section */

/* Begin XCConfigurationList section */
		2E0B58B62BC046CC00049F34 /* Build configuration list for PBXProject "Tests-CI" */ = {
			isa = XCConfigurationList;
			buildConfigurations = (
				2E0B58E02BC046CF00049F34 /* Debug */,
				2E0B58E12BC046CF00049F34 /* Release */,
			);
			defaultConfigurationIsVisible = 0;
			defaultConfigurationName = Release;
		};
		2E0B58E22BC046CF00049F34 /* Build configuration list for PBXNativeTarget "Tests-CI" */ = {
			isa = XCConfigurationList;
			buildConfigurations = (
				2E0B58E32BC046CF00049F34 /* Debug */,
				2E0B58E42BC046CF00049F34 /* Release */,
			);
			defaultConfigurationIsVisible = 0;
			defaultConfigurationName = Release;
		};
		2E0B58E52BC046CF00049F34 /* Build configuration list for PBXNativeTarget "Tests-CITests" */ = {
			isa = XCConfigurationList;
			buildConfigurations = (
				2E0B58E62BC046CF00049F34 /* Debug */,
				2E0B58E72BC046CF00049F34 /* Release */,
			);
			defaultConfigurationIsVisible = 0;
			defaultConfigurationName = Release;
		};
/* End XCConfigurationList section */
	};
	rootObject = 2E0B58B32BC046CC00049F34 /* Project object */;
}
